
Microsoft Visual Studio Solution File, Format Version 12.00
# Visual Studio Version 16
VisualStudioVersion = 16.0.29728.190
MinimumVisualStudioVersion = 10.0.40219.1
Project("{FAE04EC0-301F-11D3-BF4B-00C04F79EFBC}") = "Homework 6", "Homework 6\Homework 6.csproj", "{D467A469-FAE6-48CE-948D-DD1E51E1DD6E}"
EndProject
Global
	GlobalSection(SolutionConfigurationPlatforms) = preSolution
		Debug|Any CPU = Debug|Any CPU
		Release|Any CPU = Release|Any CPU
	EndGlobalSection
	GlobalSection(ProjectConfigurationPlatforms) = postSolution
		{D467A469-FAE6-48CE-948D-DD1E51E1DD6E}.Debug|Any CPU.ActiveCfg = Debug|Any CPU
		{D467A469-FAE6-48CE-948D-DD1E51E1DD6E}.Debug|Any CPU.Build.0 = Debug|Any CPU
		{D467A469-FAE6-48CE-948D-DD1E51E1DD6E}.Release|Any CPU.ActiveCfg = Release|Any CPU
		{D467A469-FAE6-48CE-948D-DD1E51E1DD6E}.Release|Any CPU.Build.0 = Release|Any CPU
	EndGlobalSection
	GlobalSection(SolutionProperties) = preSolution
		HideSolutionNode = FALSE
	EndGlobalSection
	GlobalSection(ExtensibilityGlobals) = postSolution
		SolutionGuid = {928780A5-3AB0-4427-B69E-FE2875811E79}
	EndGlobalSection
EndGlobal
